
Microsoft Visual Studio Solution File, Format Version 12.00
# Visual Studio Version 17
VisualStudioVersion = 17.8.34525.116
MinimumVisualStudioVersion = 10.0.40219.1
Project("{FAE04EC0-301F-11D3-BF4B-00C04F79EFBC}") = "Workaround", "Workaround\Workaround.csproj", "{4DA982A5-A30F-46AE-A9B4-5DF774FB886E}"
EndProject
Project("{FAE04EC0-301F-11D3-BF4B-00C04F79EFBC}") = "Entities", "Entities\Entities.csproj", "{E49942AA-DBB2-4827-AF88-F9C33771C486}"
EndProject
Project("{FAE04EC0-301F-11D3-BF4B-00C04F79EFBC}") = "Business", "Business\Business.csproj", "{B5F06493-998F-4245-9768-7339169DA3C4}"
EndProject
Global
	GlobalSection(SolutionConfigurationPlatforms) = preSolution
		Debug|Any CPU = Debug|Any CPU
		Release|Any CPU = Release|Any CPU
	EndGlobalSection
	GlobalSection(ProjectConfigurationPlatforms) = postSolution
		{4DA982A5-A30F-46AE-A9B4-5DF774FB886E}.Debug|Any CPU.ActiveCfg = Debug|Any CPU
		{4DA982A5-A30F-46AE-A9B4-5DF774FB886E}.Debug|Any CPU.Build.0 = Debug|Any CPU
		{4DA982A5-A30F-46AE-A9B4-5DF774FB886E}.Release|Any CPU.ActiveCfg = Release|Any CPU
		{4DA982A5-A30F-46AE-A9B4-5DF774FB886E}.Release|Any CPU.Build.0 = Release|Any CPU
		{E49942AA-DBB2-4827-AF88-F9C33771C486}.Debug|Any CPU.ActiveCfg = Debug|Any CPU
		{E49942AA-DBB2-4827-AF88-F9C33771C486}.Debug|Any CPU.Build.0 = Debug|Any CPU
		{E49942AA-DBB2-4827-AF88-F9C33771C486}.Release|Any CPU.ActiveCfg = Release|Any CPU
		{E49942AA-DBB2-4827-AF88-F9C33771C486}.Release|Any CPU.Build.0 = Release|Any CPU
		{B5F06493-998F-4245-9768-7339169DA3C4}.Debug|Any CPU.ActiveCfg = Debug|Any CPU
		{B5F06493-998F-4245-9768-7339169DA3C4}.Debug|Any CPU.Build.0 = Debug|Any CPU
		{B5F06493-998F-4245-9768-7339169DA3C4}.Release|Any CPU.ActiveCfg = Release|Any CPU
		{B5F06493-998F-4245-9768-7339169DA3C4}.Release|Any CPU.Build.0 = Release|Any CPU
	EndGlobalSection
	GlobalSection(SolutionProperties) = preSolution
		HideSolutionNode = FALSE
	EndGlobalSection
	GlobalSection(ExtensibilityGlobals) = postSolution
		SolutionGuid = {51A477AB-D98D-448C-ADA6-5726C15F8B2F}
	EndGlobalSection
EndGlobal
